
Microsoft Visual Studio Solution File, Format Version 12.00
# Visual Studio Version 17
VisualStudioVersion = 17.10.34928.147
MinimumVisualStudioVersion = 10.0.40219.1
Project("{FAE04EC0-301F-11D3-BF4B-00C04F79EFBC}") = "WinForHw3", "WinForHw3\WinForHw3.csproj", "{97AF0113-6147-4E3E-A6BF-D7E811D89EC2}"
EndProject
Global
	GlobalSection(SolutionConfigurationPlatforms) = preSolution
		Debug|Any CPU = Debug|Any CPU
		Release|Any CPU = Release|Any CPU
	EndGlobalSection
	GlobalSection(ProjectConfigurationPlatforms) = postSolution
		{97AF0113-6147-4E3E-A6BF-D7E811D89EC2}.Debug|Any CPU.ActiveCfg = Debug|Any CPU
		{97AF0113-6147-4E3E-A6BF-D7E811D89EC2}.Debug|Any CPU.Build.0 = Debug|Any CPU
		{97AF0113-6147-4E3E-A6BF-D7E811D89EC2}.Release|Any CPU.ActiveCfg = Release|Any CPU
		{97AF0113-6147-4E3E-A6BF-D7E811D89EC2}.Release|Any CPU.Build.0 = Release|Any CPU
	EndGlobalSection
	GlobalSection(SolutionProperties) = preSolution
		HideSolutionNode = FALSE
	EndGlobalSection
	GlobalSection(ExtensibilityGlobals) = postSolution
		SolutionGuid = {9F327DE2-6914-4D9E-9D7A-3CC8920F6959}
	EndGlobalSection
EndGlobal
